PODS:
  - CSLivenessSDK (4.0.1)
  - Flutter (1.0.0)
  - integration_test (0.0.1):
    - Flutter
  - liveness_flutter_sdk (2.0.0):
    - CSLivenessSDK
    - Flutter

DEPENDENCIES:
  - "CSLivenessSDK (from `https://CS-Packages:@dev.azure.com/CS-Package/ID-Lab-PackagesSDK/_git/CSLivenessSDK`, tag `4.0.1`)"
  - Flutter (from `Flutter`)
  - integration_test (from `.symlinks/plugins/integration_test/ios`)
  - liveness_flutter_sdk (from `.symlinks/plugins/liveness_flutter_sdk/ios`)

EXTERNAL SOURCES:
  CSLivenessSDK:
    :git: "https://CS-Packages:@dev.azure.com/CS-Package/ID-Lab-PackagesSDK/_git/CSLivenessSDK"
    :tag: 4.0.1
  Flutter:
    :path: Flutter
  integration_test:
    :path: ".symlinks/plugins/integration_test/ios"
  liveness_flutter_sdk:
    :path: ".symlinks/plugins/liveness_flutter_sdk/ios"

CHECKOUT OPTIONS:
  CSLivenessSDK:
    :git: "https://CS-Packages:@dev.azure.com/CS-Package/ID-Lab-PackagesSDK/_git/CSLivenessSDK"
    :tag: 4.0.1

SPEC CHECKSUMS:
  CSLivenessSDK: c82a3f23ab98c0c77f086f2abf4bada62538cf4d
  Flutter: e0871f40cf51350855a761d2e70bf5af5b9b5de7
  integration_test: 4a889634ef21a45d28d50d622cf412dc6d9f586e
  liveness_flutter_sdk: 46fb262a06dcf2706211adb634de7dd247ede459

PODFILE CHECKSUM: 0e86bf852bb842e2118663c3db95b7e25e28c3cb

COCOAPODS: 1.16.2
